
Microsoft Visual Studio Solution File, Format Version 12.00
# Visual Studio Version 16
VisualStudioVersion = 16.0.30011.22
MinimumVisualStudioVersion = 10.0.40219.1
Project("{9A19103F-16F7-4668-BE54-9A1E7A4F7556}") = "Teissier.WebAPI", "Teissier.WebAPI\Teissier.WebAPI.csproj", "{674D1F73-18F6-4E83-86F9-D09B7D22E317}"
EndProject
Project("{9A19103F-16F7-4668-BE54-9A1E7A4F7556}") = "Teissier.Logic", "Teissier.Logic\Teissier.Logic.csproj", "{C9F001C7-8EC4-4A9A-A96A-6257C4433DCE}"
EndProject
Project("{9A19103F-16F7-4668-BE54-9A1E7A4F7556}") = "Teissier.DAL", "Teissier.DAL\Teissier.DAL.csproj", "{64454E0F-3704-4942-869C-17C276E0571F}"
EndProject
Global
	GlobalSection(SolutionConfigurationPlatforms) = preSolution
		Debug|Any CPU = Debug|Any CPU
		Release|Any CPU = Release|Any CPU
	EndGlobalSection
	GlobalSection(ProjectConfigurationPlatforms) = postSolution
		{674D1F73-18F6-4E83-86F9-D09B7D22E317}.Debug|Any CPU.ActiveCfg = Debug|Any CPU
		{674D1F73-18F6-4E83-86F9-D09B7D22E317}.Debug|Any CPU.Build.0 = Debug|Any CPU
		{674D1F73-18F6-4E83-86F9-D09B7D22E317}.Release|Any CPU.ActiveCfg = Release|Any CPU
		{674D1F73-18F6-4E83-86F9-D09B7D22E317}.Release|Any CPU.Build.0 = Release|Any CPU
		{C9F001C7-8EC4-4A9A-A96A-6257C4433DCE}.Debug|Any CPU.ActiveCfg = Debug|Any CPU
		{C9F001C7-8EC4-4A9A-A96A-6257C4433DCE}.Debug|Any CPU.Build.0 = Debug|Any CPU
		{C9F001C7-8EC4-4A9A-A96A-6257C4433DCE}.Release|Any CPU.ActiveCfg = Release|Any CPU
		{C9F001C7-8EC4-4A9A-A96A-6257C4433DCE}.Release|Any CPU.Build.0 = Release|Any CPU
		{64454E0F-3704-4942-869C-17C276E0571F}.Debug|Any CPU.ActiveCfg = Debug|Any CPU
		{64454E0F-3704-4942-869C-17C276E0571F}.Debug|Any CPU.Build.0 = Debug|Any CPU
		{64454E0F-3704-4942-869C-17C276E0571F}.Release|Any CPU.ActiveCfg = Release|Any CPU
		{64454E0F-3704-4942-869C-17C276E0571F}.Release|Any CPU.Build.0 = Release|Any CPU
	EndGlobalSection
	GlobalSection(SolutionProperties) = preSolution
		HideSolutionNode = FALSE
	EndGlobalSection
	GlobalSection(ExtensibilityGlobals) = postSolution
		SolutionGuid = {186D7171-0FF0-4DBA-BD6A-252EA3E17F5C}
	EndGlobalSection
EndGlobal
